// !$*UTF8*$!
{
	archiveVersion = 1;
	classes = {
	};
	objectVersion = 46;
	objects = {

/* Begin PBXBuildFile section */
		179DA2BF1F1406A9008C0CF9 /* AppDelegate.swift in Sources */ = {isa = PBXBuildFile; fileRef = 179DA2BE1F1406A9008C0CF9 /* AppDelegate.swift */; };
		179DA2C11F1406A9008C0CF9 /* ViewController.swift in Sources */ = {isa = PBXBuildFile; fileRef = 179DA2C01F1406A9008C0CF9 /* ViewController.swift */; };
		179DA2C41F1406A9008C0CF9 /* Main.storyboard in Resources */ = {isa = PBXBuildFile; fileRef = 179DA2C21F1406A9008C0CF9 /* Main.storyboard */; };
		179DA2C61F1406A9008C0CF9 /* Assets.xcassets in Resources */ = {isa = PBXBuildFile; fileRef = 179DA2C51F1406A9008C0CF9 /* Assets.xcassets */; };
		179DA2C91F1406A9008C0CF9 /* LaunchScreen.storyboard in Resources */ = {isa = PBXBuildFile; fileRef = 179DA2C71F1406A9008C0CF9 /* LaunchScreen.storyboard */; };
/* End PBXBuildFile section */

/* Begin PBXFileReference section */
		179DA2BB1F1406A9008C0CF9 /* UdemyDevslopesSocial.app */ = {isa = PBXFileReference; explicitFileType = wrapper.application; includeInIndex = 0; path = UdemyDevslopesSocial.app; sourceTree = BUILT_PRODUCTS_DIR; };
		179DA2BE1F1406A9008C0CF9 /* AppDelegate.swift */ = {isa = PBXFileReference; lastKnownFileType = sourcecode.swift; path = AppDelegate.swift; sourceTree = "<group>"; };
		179DA2C01F1406A9008C0CF9 /* ViewController.swift */ = {isa = PBXFileReference; lastKnownFileType = sourcecode.swift; path = ViewController.swift; sourceTree = "<group>"; };
		179DA2C31F1406A9008C0CF9 /* Base */ = {isa = PBXFileReference; lastKnownFileType = file.storyboard; name = Base; path = Base.lproj/Main.storyboard; sourceTree = "<group>"; };
		179DA2C51F1406A9008C0CF9 /* Assets.xcassets */ = {isa = PBXFileReference; lastKnownFileType = folder.assetcatalog; path = Assets.xcassets; sourceTree = "<group>"; };
		179DA2C81F1406A9008C0CF9 /* Base */ = {isa = PBXFileReference; lastKnownFileType = file.storyboard; name = Base; path = Base.lproj/LaunchScreen.storyboard; sourceTree = "<group>"; };
		179DA2CA1F1406A9008C0CF9 /* Info.plist */ = {isa = PBXFileReference; lastKnownFileType = text.plist.xml; path = Info.plist; sourceTree = "<group>"; };
/* End PBXFileReference section */

/* Begin PBXFrameworksBuildPhase section */
		179DA2B81F1406A9008C0CF9 /* Frameworks */ = {
			isa = PBXFrameworksBuildPhase;
			buildActionMask = 2147483647;
			files = (
			);
			runOnlyForDeploymentPostprocessing = 0;
		};
/* End PBXFrameworksBuildPhase section */

/* Begin PBXGroup section */
		179DA2B21F1406A9008C0CF9 = {
			isa = PBXGroup;
			children = (
				179DA2BD1F1406A9008C0CF9 /* UdemyDevslopesSocial */,
				179DA2BC1F1406A9008C0CF9 /* Products */,
			);
			sourceTree = "<group>";
		};
		179DA2BC1F1406A9008C0CF9 /* Products */ = {
			isa = PBXGroup;
			children = (
				179DA2BB1F1406A9008C0CF9 /* UdemyDevslopesSocial.app */,
			);
			name = Products;
			sourceTree = "<group>";
		};
		179DA2BD1F1406A9008C0CF9 /* UdemyDevslopesSocial */ = {
			isa = PBXGroup;
			children = (
				179DA2BE1F1406A9008C0CF9 /* AppDelegate.swift */,
				179DA2C01F1406A9008C0CF9 /* ViewController.swift */,
				179DA2C21F1406A9008C0CF9 /* Main.storyboard */,
				179DA2C51F1406A9008C0CF9 /* Assets.xcassets */,
				179DA2C71F1406A9008C0CF9 /* LaunchScreen.storyboard */,
				179DA2CA1F1406A9008C0CF9 /* Info.plist */,
			);
			path = UdemyDevslopesSocial;
			sourceTree = "<group>";
		};
/* End PBXGroup section */

/* Begin PBXNativeTarget section */
		179DA2BA1F1406A9008C0CF9 /* UdemyDevslopesSocial */ = {
			isa = PBXNativeTarget;
			buildConfigurationList = 179DA2CD1F1406A9008C0CF9 /* Build configuration list for PBXNativeTarget "UdemyDevslopesSocial" */;
			buildPhases = (
				179DA2B71F1406A9008C0CF9 /* Sources */,
				179DA2B81F1406A9008C0CF9 /* Frameworks */,
				179DA2B91F1406A9008C0CF9 /* Resources */,
			);
			buildRules = (
			);
			dependencies = (
			);
			name = UdemyDevslopesSocial;
			productName = UdemyDevslopesSocial;
			productReference = 179DA2BB1F1406A9008C0CF9 /* UdemyDevslopesSocial.app */;
			productType = "com.apple.product-type.application";
		};
/* End PBXNativeTarget section */

/* Begin PBXProject section */
		179DA2B31F1406A9008C0CF9 /* Project object */ = {
			isa = PBXProject;
			attributes = {
				LastSwiftUpdateCheck = 0830;
				LastUpgradeCheck = 0830;
				ORGANIZATIONNAME = "Lily Hoffman";
				TargetAttributes = {
					179DA2BA1F1406A9008C0CF9 = {
						CreatedOnToolsVersion = 8.3.3;
						DevelopmentTeam = HHS6XK7XH5;
						ProvisioningStyle = Automatic;
					};
				};
			};
			buildConfigurationList = 179DA2B61F1406A9008C0CF9 /* Build configuration list for PBXProject "UdemyDevslopesSocial" */;
			compatibilityVersion = "Xcode 3.2";
			developmentRegion = English;
			hasScannedForEncodings = 0;
			knownRegions = (
				en,
				Base,
			);
			mainGroup = 179DA2B21F1406A9008C0CF9;
			productRefGroup = 179DA2BC1F1406A9008C0CF9 /* Products */;
			projectDirPath = "";
			projectRoot = "";
			targets = (
				179DA2BA1F1406A9008C0CF9 /* UdemyDevslopesSocial */,
			);
		};
/* End PBXProject section */

/* Begin PBXResourcesBuildPhase section */
		179DA2B91F1406A9008C0CF9 /* Resources */ = {
			isa = PBXResourcesBuildPhase;
			buildActionMask = 2147483647;
			files = (
				179DA2C91F1406A9008C0CF9 /* LaunchScreen.storyboard in Resources */,
				179DA2C61F1406A9008C0CF9 /* Assets.xcassets in Resources */,
				179DA2C41F1406A9008C0CF9 /* Main.storyboard in Resources */,
			);
			runOnlyForDeploymentPostprocessing = 0;
		};
/* End PBXResourcesBuildPhase section */

/* Begin PBXSourcesBuildPhase section */
		179DA2B71F1406A9008C0CF9 /* Sources */ = {
			isa = PBXSourcesBuildPhase;
			buildActionMask = 2147483647;
			files = (
				179DA2C11F1406A9008C0CF9 /* ViewController.swift in Sources */,
				179DA2BF1F1406A9008C0CF9 /* AppDelegate.swift in Sources */,
			);
			runOnlyForDeploymentPostprocessing = 0;
		};
/* End PBXSourcesBuildPhase section */

/* Begin PBXVariantGroup section */
		179DA2C21F1406A9008C0CF9 /* Main.storyboard */ = {
			isa = PBXVariantGroup;
			children = (
				179DA2C31F1406A9008C0CF9 /* Base */,
			);
			name = Main.storyboard;
			sourceTree = "<group>";
		};
		179DA2C71F1406A9008C0CF9 /* LaunchScreen.storyboard */ = {
			isa = PBXVariantGroup;
			children = (
				179DA2C81F1406A9008C0CF9 /* Base */,
			);
			name = LaunchScreen.storyboard;
			sourceTree = "<group>";
		};
/* End PBXVariantGroup section */

/* Begin XCBuildConfiguration section */
		179DA2CB1F1406A9008C0CF9 /* Debug */ = {
			isa = XCBuildConfiguration;
			buildSettings = {
				ALWAYS_SEARCH_USER_PATHS = NO;
				CLANG_ANALYZER_NONNULL = YES;
				CLANG_ANALYZER_NUMBER_OBJECT_CONVERSION = YES_AGGRESSIVE;
				CLANG_CXX_LANGUAGE_STANDARD = "gnu++0x";
				CLANG_CXX_LIBRARY = "libc++";
				CLANG_ENABLE_MODULES = YES;
				CLANG_ENABLE_OBJC_ARC = YES;
				CLANG_WARN_BOOL_CONVERSION = YES;
				CLANG_WARN_CONSTANT_CONVERSION = YES;
				CLANG_WARN_DIRECT_OBJC_ISA_USAGE = YES_ERROR;
				CLANG_WARN_DOCUMENTATION_COMMENTS = YES;
				CLANG_WARN_EMPTY_BODY = YES;
				CLANG_WARN_ENUM_CONVERSION = YES;
				CLANG_WARN_INFINITE_RECURSION = YES;
				CLANG_WARN_INT_CONVERSION = YES;
				CLANG_WARN_OBJC_ROOT_CLASS = YES_ERROR;
				CLANG_WARN_SUSPICIOUS_MOVE = YES;
				CLANG_WARN_UNREACHABLE_CODE = YES;
				CLANG_WARN__DUPLICATE_METHOD_MATCH = YES;
				"CODE_SIGN_IDENTITY[sdk=iphoneos*]" = "iPhone Developer";
				COPY_PHASE_STRIP = NO;
				DEBUG_INFORMATION_FORMAT = dwarf;
				ENABLE_STRICT_OBJC_MSGSEND = YES;
				ENABLE_TESTABILITY = YES;
				GCC_C_LANGUAGE_STANDARD = gnu99;
				GCC_DYNAMIC_NO_PIC = NO;
				GCC_NO_COMMON_BLOCKS = YES;
				GCC_OPTIMIZATION_LEVEL = 0;
				GCC_PREPROCESSOR_DEFINITIONS = (
					"DEBUG=1",
					"$(inherited)",
				);
				GCC_WARN_64_TO_32_BIT_CONVERSION = YES;
				GCC_WARN_ABOUT_RETURN_TYPE = YES_ERROR;
				GCC_WARN_UNDECLARED_SELECTOR = YES;
				GCC_WARN_UNINITIALIZED_AUTOS = YES_AGGRESSIVE;
				GCC_WARN_UNUSED_FUNCTION = YES;
				GCC_WARN_UNUSED_VARIABLE = YES;
				IPHONEOS_DEPLOYMENT_TARGET = 10.3;
				MTL_ENABLE_DEBUG_INFO = YES;
				ONLY_ACTIVE_ARCH = YES;
				SDKROOT = iphoneos;
				SWIFT_ACTIVE_COMPILATION_CONDITIONS = DEBUG;
				SWIFT_OPTIMIZATION_LEVEL = "-Onone";
			};
			name = Debug;
		};
		179DA2CC1F1406A9008C0CF9 /* Release */ = {
			isa = XCBuildConfiguration;
			buildSettings = {
				ALWAYS_SEARCH_USER_PATHS = NO;
				CLANG_ANALYZER_NONNULL = YES;
				CLANG_ANALYZER_NUMBER_OBJECT_CONVERSION = YES_AGGRESSIVE;
				CLANG_CXX_LANGUAGE_STANDARD = "gnu++0x";
				CLANG_CXX_LIBRARY = "libc++";
				CLANG_ENABLE_MODULES = YES;
				CLANG_ENABLE_OBJC_ARC = YES;
				CLANG_WARN_BOOL_CONVERSION = YES;
				CLANG_WARN_CONSTANT_CONVERSION = YES;
				CLANG_WARN_DIRECT_OBJC_ISA_USAGE = YES_ERROR;
				CLANG_WARN_DOCUMENTATION_COMMENTS = YES;
				CLANG_WARN_EMPTY_BODY = YES;
				CLANG_WARN_ENUM_CONVERSION = YES;
				CLANG_WARN_INFINITE_RECURSION = YES;
				CLANG_WARN_INT_CONVERSION = YES;
				CLANG_WARN_OBJC_ROOT_CLASS = YES_ERROR;
				CLANG_WARN_SUSPICIOUS_MOVE = YES;
				CLANG_WARN_UNREACHABLE_CODE = YES;
				CLANG_WARN__DUPLICATE_METHOD_MATCH = YES;
				"CODE_SIGN_IDENTITY[sdk=iphoneos*]" = "iPhone Developer";
				COPY_PHASE_STRIP = NO;
				DEBUG_INFORMATION_FORMAT = "dwarf-with-dsym";
				ENABLE_NS_ASSERTIONS = NO;
				ENABLE_STRICT_OBJC_MSGSEND = YES;
				GCC_C_LANGUAGE_STANDARD = gnu99;
				GCC_NO_COMMON_BLOCKS = YES;
				GCC_WARN_64_TO_32_BIT_CONVERSION = YES;
				GCC_WARN_ABOUT_RETURN_TYPE = YES_ERROR;
				GCC_WARN_UNDECLARED_SELECTOR = YES;
				GCC_WARN_UNINITIALIZED_AUTOS = YES_AGGRESSIVE;
				GCC_WARN_UNUSED_FUNCTION = YES;
				GCC_WARN_UNUSED_VARIABLE = YES;
				IPHONEOS_DEPLOYMENT_TARGET = 10.3;
				MTL_ENABLE_DEBUG_INFO = NO;
				SDKROOT = iphoneos;
				SWIFT_OPTIMIZATION_LEVEL = "-Owholemodule";
				VALIDATE_PRODUCT = YES;
			};
			name = Release;
		};
		179DA2CE1F1406A9008C0CF9 /* Debug */ = {
			isa = XCBuildConfiguration;
			buildSettings = {
				ASSETCATALOG_COMPILER_APPICON_NAME = AppIcon;
				DEVELOPMENT_TEAM = HHS6XK7XH5;
				INFOPLIST_FILE = UdemyDevslopesSocial/Info.plist;
				LD_RUNPATH_SEARCH_PATHS = "$(inherited) @executable_path/Frameworks";
				PRODUCT_BUNDLE_IDENTIFIER = lilyhoffman.UdemyDevslopesSocial;
				PRODUCT_NAME = "$(TARGET_NAME)";
				SWIFT_VERSION = 3.0;
			};
			name = Debug;
		};
		179DA2CF1F1406A9008C0CF9 /* Release */ = {
			isa = XCBuildConfiguration;
			buildSettings = {
				ASSETCATALOG_COMPILER_APPICON_NAME = AppIcon;
				DEVELOPMENT_TEAM = HHS6XK7XH5;
				INFOPLIST_FILE = UdemyDevslopesSocial/Info.plist;
				LD_RUNPATH_SEARCH_PATHS = "$(inherited) @executable_path/Frameworks";
				PRODUCT_BUNDLE_IDENTIFIER = lilyhoffman.UdemyDevslopesSocial;
				PRODUCT_NAME = "$(TARGET_NAME)";
				SWIFT_VERSION = 3.0;
			};
			name = Release;
		};
/* End XCBuildConfiguration section */

/* Begin XCConfigurationList section */
		179DA2B61F1406A9008C0CF9 /* Build configuration list for PBXProject "UdemyDevslopesSocial" */ = {
			isa = XCConfigurationList;
			buildConfigurations = (
				179DA2CB1F1406A9008C0CF9 /* Debug */,
				179DA2CC1F1406A9008C0CF9 /* Release */,
			);
			defaultConfigurationIsVisible = 0;
			defaultConfigurationName = Release;
		};
		179DA2CD1F1406A9008C0CF9 /* Build configuration list for PBXNativeTarget "UdemyDevslopesSocial" */ = {
			isa = XCConfigurationList;
			buildConfigurations = (
				179DA2CE1F1406A9008C0CF9 /* Debug */,
				179DA2CF1F1406A9008C0CF9 /* Release */,
			);
			defaultConfigurationIsVisible = 0;
		};
/* End XCConfigurationList section */
	};
	rootObject = 179DA2B31F1406A9008C0CF9 /* Project object */;
}
