// !$*UTF8*$!
{
	archiveVersion = 1;
	classes = {
	};
	objectVersion = 46;
	objects = {

/* Begin PBXBuildFile section */
		1735F2931F1AB36400734339 /* CircleView.swift in Sources */ = {isa = PBXBuildFile; fileRef = 1735F2921F1AB36400734339 /* CircleView.swift */; };
		1747EBE11F1ADDC800AF49E6 /* PostCell.swift in Sources */ = {isa = PBXBuildFile; fileRef = 1747EBE01F1ADDC800AF49E6 /* PostCell.swift */; };
		174AC0871F16C4D70011C466 /* FeedVC.swift in Sources */ = {isa = PBXBuildFile; fileRef = 174AC0861F16C4D70011C466 /* FeedVC.swift */; };
		179DA2BF1F1406A9008C0CF9 /* AppDelegate.swift in Sources */ = {isa = PBXBuildFile; fileRef = 179DA2BE1F1406A9008C0CF9 /* AppDelegate.swift */; };
		179DA2C11F1406A9008C0CF9 /* SignInVC.swift in Sources */ = {isa = PBXBuildFile; fileRef = 179DA2C01F1406A9008C0CF9 /* SignInVC.swift */; };
		179DA2C41F1406A9008C0CF9 /* Main.storyboard in Resources */ = {isa = PBXBuildFile; fileRef = 179DA2C21F1406A9008C0CF9 /* Main.storyboard */; };
		179DA2C61F1406A9008C0CF9 /* Assets.xcassets in Resources */ = {isa = PBXBuildFile; fileRef = 179DA2C51F1406A9008C0CF9 /* Assets.xcassets */; };
		179DA2C91F1406A9008C0CF9 /* LaunchScreen.storyboard in Resources */ = {isa = PBXBuildFile; fileRef = 179DA2C71F1406A9008C0CF9 /* LaunchScreen.storyboard */; };
		179DA2D11F14086C008C0CF9 /* GoogleService-Info.plist in Resources */ = {isa = PBXBuildFile; fileRef = 179DA2D01F14086C008C0CF9 /* GoogleService-Info.plist */; };
		17FA708A1F1417C600A216DA /* FancyView.swift in Sources */ = {isa = PBXBuildFile; fileRef = 17FA70891F1417C600A216DA /* FancyView.swift */; };
		17FA708C1F14196A00A216DA /* Constants.swift in Sources */ = {isa = PBXBuildFile; fileRef = 17FA708B1F14196A00A216DA /* Constants.swift */; };
		17FA708E1F141AC000A216DA /* RoundButton.swift in Sources */ = {isa = PBXBuildFile; fileRef = 17FA708D1F141AC000A216DA /* RoundButton.swift */; };
		17FA70901F141E8C00A216DA /* FancyField.swift in Sources */ = {isa = PBXBuildFile; fileRef = 17FA708F1F141E8C00A216DA /* FancyField.swift */; };
		17FA70921F14204C00A216DA /* FancyButton.swift in Sources */ = {isa = PBXBuildFile; fileRef = 17FA70911F14204C00A216DA /* FancyButton.swift */; };
		BC6AFFA511E43A0316CD1052 /* Pods_UdemyDevslopesSocial.framework in Frameworks */ = {isa = PBXBuildFile; fileRef = 2FE328890849754B895B59BE /* Pods_UdemyDevslopesSocial.framework */; };
/* End PBXBuildFile section */

/* Begin PBXFileReference section */
		1735F2921F1AB36400734339 /* CircleView.swift */ = {isa = PBXFileReference; fileEncoding = 4; lastKnownFileType = sourcecode.swift; path = CircleView.swift; sourceTree = "<group>"; };
		1747EBE01F1ADDC800AF49E6 /* PostCell.swift */ = {isa = PBXFileReference; fileEncoding = 4; lastKnownFileType = sourcecode.swift; path = PostCell.swift; sourceTree = "<group>"; };
		174AC0861F16C4D70011C466 /* FeedVC.swift */ = {isa = PBXFileReference; fileEncoding = 4; lastKnownFileType = sourcecode.swift; path = FeedVC.swift; sourceTree = "<group>"; };
		179DA2BB1F1406A9008C0CF9 /* UdemyDevslopesSocial.app */ = {isa = PBXFileReference; explicitFileType = wrapper.application; includeInIndex = 0; path = UdemyDevslopesSocial.app; sourceTree = BUILT_PRODUCTS_DIR; };
		179DA2BE1F1406A9008C0CF9 /* AppDelegate.swift */ = {isa = PBXFileReference; lastKnownFileType = sourcecode.swift; path = AppDelegate.swift; sourceTree = "<group>"; };
		179DA2C01F1406A9008C0CF9 /* SignInVC.swift */ = {isa = PBXFileReference; lastKnownFileType = sourcecode.swift; path = SignInVC.swift; sourceTree = "<group>"; };
		179DA2C31F1406A9008C0CF9 /* Base */ = {isa = PBXFileReference; lastKnownFileType = file.storyboard; name = Base; path = Base.lproj/Main.storyboard; sourceTree = "<group>"; };
		179DA2C51F1406A9008C0CF9 /* Assets.xcassets */ = {isa = PBXFileReference; lastKnownFileType = folder.assetcatalog; path = Assets.xcassets; sourceTree = "<group>"; };
		179DA2C81F1406A9008C0CF9 /* Base */ = {isa = PBXFileReference; lastKnownFileType = file.storyboard; name = Base; path = Base.lproj/LaunchScreen.storyboard; sourceTree = "<group>"; };
		179DA2CA1F1406A9008C0CF9 /* Info.plist */ = {isa = PBXFileReference; lastKnownFileType = text.plist.xml; path = Info.plist; sourceTree = "<group>"; };
		179DA2D01F14086C008C0CF9 /* GoogleService-Info.plist */ = {isa = PBXFileReference; fileEncoding = 4; lastKnownFileType = text.plist.xml; path = "GoogleService-Info.plist"; sourceTree = "<group>"; };
		17FA70891F1417C600A216DA /* FancyView.swift */ = {isa = PBXFileReference; fileEncoding = 4; lastKnownFileType = sourcecode.swift; path = FancyView.swift; sourceTree = "<group>"; };
		17FA708B1F14196A00A216DA /* Constants.swift */ = {isa = PBXFileReference; fileEncoding = 4; lastKnownFileType = sourcecode.swift; path = Constants.swift; sourceTree = "<group>"; };
		17FA708D1F141AC000A216DA /* RoundButton.swift */ = {isa = PBXFileReference; fileEncoding = 4; lastKnownFileType = sourcecode.swift; path = RoundButton.swift; sourceTree = "<group>"; };
		17FA708F1F141E8C00A216DA /* FancyField.swift */ = {isa = PBXFileReference; fileEncoding = 4; lastKnownFileType = sourcecode.swift; path = FancyField.swift; sourceTree = "<group>"; };
		17FA70911F14204C00A216DA /* FancyButton.swift */ = {isa = PBXFileReference; fileEncoding = 4; lastKnownFileType = sourcecode.swift; path = FancyButton.swift; sourceTree = "<group>"; };
		2FE328890849754B895B59BE /* Pods_UdemyDevslopesSocial.framework */ = {isa = PBXFileReference; explicitFileType = wrapper.framework; includeInIndex = 0; path = Pods_UdemyDevslopesSocial.framework; sourceTree = BUILT_PRODUCTS_DIR; };
		83195384C8B6BCB52EAA4498 /* Pods-UdemyDevslopesSocial.release.xcconfig */ = {isa = PBXFileReference; includeInIndex = 1; lastKnownFileType = text.xcconfig; name = "Pods-UdemyDevslopesSocial.release.xcconfig"; path = "Pods/Target Support Files/Pods-UdemyDevslopesSocial/Pods-UdemyDevslopesSocial.release.xcconfig"; sourceTree = "<group>"; };
		F67BDA625F2D22A6A00A66B8 /* Pods-UdemyDevslopesSocial.debug.xcconfig */ = {isa = PBXFileReference; includeInIndex = 1; lastKnownFileType = text.xcconfig; name = "Pods-UdemyDevslopesSocial.debug.xcconfig"; path = "Pods/Target Support Files/Pods-UdemyDevslopesSocial/Pods-UdemyDevslopesSocial.debug.xcconfig"; sourceTree = "<group>"; };
/* End PBXFileReference section */

/* Begin PBXFrameworksBuildPhase section */
		179DA2B81F1406A9008C0CF9 /* Frameworks */ = {
			isa = PBXFrameworksBuildPhase;
			buildActionMask = 2147483647;
			files = (
				BC6AFFA511E43A0316CD1052 /* Pods_UdemyDevslopesSocial.framework in Frameworks */,
			);
			runOnlyForDeploymentPostprocessing = 0;
		};
/* End PBXFrameworksBuildPhase section */

/* Begin PBXGroup section */
		0FCA025BEE3F8F7F788686CF /* Pods */ = {
			isa = PBXGroup;
			children = (
				F67BDA625F2D22A6A00A66B8 /* Pods-UdemyDevslopesSocial.debug.xcconfig */,
				83195384C8B6BCB52EAA4498 /* Pods-UdemyDevslopesSocial.release.xcconfig */,
			);
			name = Pods;
			sourceTree = "<group>";
		};
		179DA2B21F1406A9008C0CF9 = {
			isa = PBXGroup;
			children = (
				179DA2BD1F1406A9008C0CF9 /* UdemyDevslopesSocial */,
				179DA2BC1F1406A9008C0CF9 /* Products */,
				0FCA025BEE3F8F7F788686CF /* Pods */,
				A47145D5B5E52756C638D6EB /* Frameworks */,
			);
			sourceTree = "<group>";
		};
		179DA2BC1F1406A9008C0CF9 /* Products */ = {
			isa = PBXGroup;
			children = (
				179DA2BB1F1406A9008C0CF9 /* UdemyDevslopesSocial.app */,
			);
			name = Products;
			sourceTree = "<group>";
		};
		179DA2BD1F1406A9008C0CF9 /* UdemyDevslopesSocial */ = {
			isa = PBXGroup;
			children = (
				17FA70881F140A3100A216DA /* Util */,
				17FA70871F1409EF00A216DA /* Model */,
				17FA70861F1409ED00A216DA /* View */,
				17FA70851F1409EC00A216DA /* Controller */,
			);
			path = UdemyDevslopesSocial;
			sourceTree = "<group>";
		};
		17FA70851F1409EC00A216DA /* Controller */ = {
			isa = PBXGroup;
			children = (
				179DA2C01F1406A9008C0CF9 /* SignInVC.swift */,
				174AC0861F16C4D70011C466 /* FeedVC.swift */,
			);
			name = Controller;
			sourceTree = "<group>";
		};
		17FA70861F1409ED00A216DA /* View */ = {
			isa = PBXGroup;
			children = (
				17FA70891F1417C600A216DA /* FancyView.swift */,
				17FA708D1F141AC000A216DA /* RoundButton.swift */,
				17FA708F1F141E8C00A216DA /* FancyField.swift */,
				17FA70911F14204C00A216DA /* FancyButton.swift */,
				1735F2921F1AB36400734339 /* CircleView.swift */,
				1747EBE01F1ADDC800AF49E6 /* PostCell.swift */,
			);
			name = View;
			sourceTree = "<group>";
		};
		17FA70871F1409EF00A216DA /* Model */ = {
			isa = PBXGroup;
			children = (
			);
			name = Model;
			sourceTree = "<group>";
		};
		17FA70881F140A3100A216DA /* Util */ = {
			isa = PBXGroup;
			children = (
				179DA2BE1F1406A9008C0CF9 /* AppDelegate.swift */,
				179DA2C21F1406A9008C0CF9 /* Main.storyboard */,
				179DA2C71F1406A9008C0CF9 /* LaunchScreen.storyboard */,
				179DA2CA1F1406A9008C0CF9 /* Info.plist */,
				179DA2D01F14086C008C0CF9 /* GoogleService-Info.plist */,
				179DA2C51F1406A9008C0CF9 /* Assets.xcassets */,
				17FA708B1F14196A00A216DA /* Constants.swift */,
			);
			name = Util;
			sourceTree = "<group>";
		};
		A47145D5B5E52756C638D6EB /* Frameworks */ = {
			isa = PBXGroup;
			children = (
				2FE328890849754B895B59BE /* Pods_UdemyDevslopesSocial.framework */,
			);
			name = Frameworks;
			sourceTree = "<group>";
		};
/* End PBXGroup section */

/* Begin PBXNativeTarget section */
		179DA2BA1F1406A9008C0CF9 /* UdemyDevslopesSocial */ = {
			isa = PBXNativeTarget;
			buildConfigurationList = 179DA2CD1F1406A9008C0CF9 /* Build configuration list for PBXNativeTarget "UdemyDevslopesSocial" */;
			buildPhases = (
				C6070718324DC44950E95E1A /* [CP] Check Pods Manifest.lock */,
				179DA2B71F1406A9008C0CF9 /* Sources */,
				179DA2B81F1406A9008C0CF9 /* Frameworks */,
				179DA2B91F1406A9008C0CF9 /* Resources */,
				721262E5A82C3248713E9D1E /* [CP] Embed Pods Frameworks */,
				E31CF04696996100BBA64F0C /* [CP] Copy Pods Resources */,
			);
			buildRules = (
			);
			dependencies = (
			);
			name = UdemyDevslopesSocial;
			productName = UdemyDevslopesSocial;
			productReference = 179DA2BB1F1406A9008C0CF9 /* UdemyDevslopesSocial.app */;
			productType = "com.apple.product-type.application";
		};
/* End PBXNativeTarget section */

/* Begin PBXProject section */
		179DA2B31F1406A9008C0CF9 /* Project object */ = {
			isa = PBXProject;
			attributes = {
				LastSwiftUpdateCheck = 0830;
				LastUpgradeCheck = 0830;
				ORGANIZATIONNAME = "Lily Hoffman";
				TargetAttributes = {
					179DA2BA1F1406A9008C0CF9 = {
						CreatedOnToolsVersion = 8.3.3;
						DevelopmentTeam = HHS6XK7XH5;
						ProvisioningStyle = Automatic;
					};
				};
			};
			buildConfigurationList = 179DA2B61F1406A9008C0CF9 /* Build configuration list for PBXProject "UdemyDevslopesSocial" */;
			compatibilityVersion = "Xcode 3.2";
			developmentRegion = English;
			hasScannedForEncodings = 0;
			knownRegions = (
				en,
				Base,
			);
			mainGroup = 179DA2B21F1406A9008C0CF9;
			productRefGroup = 179DA2BC1F1406A9008C0CF9 /* Products */;
			projectDirPath = "";
			projectRoot = "";
			targets = (
				179DA2BA1F1406A9008C0CF9 /* UdemyDevslopesSocial */,
			);
		};
/* End PBXProject section */

/* Begin PBXResourcesBuildPhase section */
		179DA2B91F1406A9008C0CF9 /* Resources */ = {
			isa = PBXResourcesBuildPhase;
			buildActionMask = 2147483647;
			files = (
				179DA2C91F1406A9008C0CF9 /* LaunchScreen.storyboard in Resources */,
				179DA2D11F14086C008C0CF9 /* GoogleService-Info.plist in Resources */,
				179DA2C61F1406A9008C0CF9 /* Assets.xcassets in Resources */,
				179DA2C41F1406A9008C0CF9 /* Main.storyboard in Resources */,
			);
			runOnlyForDeploymentPostprocessing = 0;
		};
/* End PBXResourcesBuildPhase section */

/* Begin PBXShellScriptBuildPhase section */
		721262E5A82C3248713E9D1E /* [CP] Embed Pods Frameworks */ = {
			isa = PBXShellScriptBuildPhase;
			buildActionMask = 2147483647;
			files = (
			);
			inputPaths = (
			);
			name = "[CP] Embed Pods Frameworks";
			outputPaths = (
			);
			runOnlyForDeploymentPostprocessing = 0;
			shellPath = /bin/sh;
			shellScript = "\"${SRCROOT}/Pods/Target Support Files/Pods-UdemyDevslopesSocial/Pods-UdemyDevslopesSocial-frameworks.sh\"\n";
			showEnvVarsInLog = 0;
		};
		C6070718324DC44950E95E1A /* [CP] Check Pods Manifest.lock */ = {
			isa = PBXShellScriptBuildPhase;
			buildActionMask = 2147483647;
			files = (
			);
			inputPaths = (
			);
			name = "[CP] Check Pods Manifest.lock";
			outputPaths = (
			);
			runOnlyForDeploymentPostprocessing = 0;
			shellPath = /bin/sh;
			shellScript = "diff \"${PODS_PODFILE_DIR_PATH}/Podfile.lock\" \"${PODS_ROOT}/Manifest.lock\" > /dev/null\nif [ $? != 0 ] ; then\n    # print error to STDERR\n    echo \"error: The sandbox is not in sync with the Podfile.lock. Run 'pod install' or update your CocoaPods installation.\" >&2\n    exit 1\nfi\n";
			showEnvVarsInLog = 0;
		};
		E31CF04696996100BBA64F0C /* [CP] Copy Pods Resources */ = {
			isa = PBXShellScriptBuildPhase;
			buildActionMask = 2147483647;
			files = (
			);
			inputPaths = (
			);
			name = "[CP] Copy Pods Resources";
			outputPaths = (
			);
			runOnlyForDeploymentPostprocessing = 0;
			shellPath = /bin/sh;
			shellScript = "\"${SRCROOT}/Pods/Target Support Files/Pods-UdemyDevslopesSocial/Pods-UdemyDevslopesSocial-resources.sh\"\n";
			showEnvVarsInLog = 0;
		};
/* End PBXShellScriptBuildPhase section */

/* Begin PBXSourcesBuildPhase section */
		179DA2B71F1406A9008C0CF9 /* Sources */ = {
			isa = PBXSourcesBuildPhase;
			buildActionMask = 2147483647;
			files = (
				1735F2931F1AB36400734339 /* CircleView.swift in Sources */,
				17FA70901F141E8C00A216DA /* FancyField.swift in Sources */,
				179DA2C11F1406A9008C0CF9 /* SignInVC.swift in Sources */,
				17FA708E1F141AC000A216DA /* RoundButton.swift in Sources */,
				17FA70921F14204C00A216DA /* FancyButton.swift in Sources */,
				174AC0871F16C4D70011C466 /* FeedVC.swift in Sources */,
				179DA2BF1F1406A9008C0CF9 /* AppDelegate.swift in Sources */,
				17FA708A1F1417C600A216DA /* FancyView.swift in Sources */,
				17FA708C1F14196A00A216DA /* Constants.swift in Sources */,
				1747EBE11F1ADDC800AF49E6 /* PostCell.swift in Sources */,
			);
			runOnlyForDeploymentPostprocessing = 0;
		};
/* End PBXSourcesBuildPhase section */

/* Begin PBXVariantGroup section */
		179DA2C21F1406A9008C0CF9 /* Main.storyboard */ = {
			isa = PBXVariantGroup;
			children = (
				179DA2C31F1406A9008C0CF9 /* Base */,
			);
			name = Main.storyboard;
			sourceTree = "<group>";
		};
		179DA2C71F1406A9008C0CF9 /* LaunchScreen.storyboard */ = {
			isa = PBXVariantGroup;
			children = (
				179DA2C81F1406A9008C0CF9 /* Base */,
			);
			name = LaunchScreen.storyboard;
			sourceTree = "<group>";
		};
/* End PBXVariantGroup section */

/* Begin XCBuildConfiguration section */
		179DA2CB1F1406A9008C0CF9 /* Debug */ = {
			isa = XCBuildConfiguration;
			buildSettings = {
				ALWAYS_SEARCH_USER_PATHS = NO;
				CLANG_ANALYZER_NONNULL = YES;
				CLANG_ANALYZER_NUMBER_OBJECT_CONVERSION = YES_AGGRESSIVE;
				CLANG_CXX_LANGUAGE_STANDARD = "gnu++0x";
				CLANG_CXX_LIBRARY = "libc++";
				CLANG_ENABLE_MODULES = YES;
				CLANG_ENABLE_OBJC_ARC = YES;
				CLANG_WARN_BOOL_CONVERSION = YES;
				CLANG_WARN_CONSTANT_CONVERSION = YES;
				CLANG_WARN_DIRECT_OBJC_ISA_USAGE = YES_ERROR;
				CLANG_WARN_DOCUMENTATION_COMMENTS = YES;
				CLANG_WARN_EMPTY_BODY = YES;
				CLANG_WARN_ENUM_CONVERSION = YES;
				CLANG_WARN_INFINITE_RECURSION = YES;
				CLANG_WARN_INT_CONVERSION = YES;
				CLANG_WARN_OBJC_ROOT_CLASS = YES_ERROR;
				CLANG_WARN_SUSPICIOUS_MOVE = YES;
				CLANG_WARN_UNREACHABLE_CODE = YES;
				CLANG_WARN__DUPLICATE_METHOD_MATCH = YES;
				"CODE_SIGN_IDENTITY[sdk=iphoneos*]" = "iPhone Developer";
				COPY_PHASE_STRIP = NO;
				DEBUG_INFORMATION_FORMAT = dwarf;
				ENABLE_STRICT_OBJC_MSGSEND = YES;
				ENABLE_TESTABILITY = YES;
				GCC_C_LANGUAGE_STANDARD = gnu99;
				GCC_DYNAMIC_NO_PIC = NO;
				GCC_NO_COMMON_BLOCKS = YES;
				GCC_OPTIMIZATION_LEVEL = 0;
				GCC_PREPROCESSOR_DEFINITIONS = (
					"DEBUG=1",
					"$(inherited)",
				);
				GCC_WARN_64_TO_32_BIT_CONVERSION = YES;
				GCC_WARN_ABOUT_RETURN_TYPE = YES_ERROR;
				GCC_WARN_UNDECLARED_SELECTOR = YES;
				GCC_WARN_UNINITIALIZED_AUTOS = YES_AGGRESSIVE;
				GCC_WARN_UNUSED_FUNCTION = YES;
				GCC_WARN_UNUSED_VARIABLE = YES;
				IPHONEOS_DEPLOYMENT_TARGET = 10.3;
				MTL_ENABLE_DEBUG_INFO = YES;
				ONLY_ACTIVE_ARCH = YES;
				SDKROOT = iphoneos;
				SWIFT_ACTIVE_COMPILATION_CONDITIONS = DEBUG;
				SWIFT_OPTIMIZATION_LEVEL = "-Onone";
			};
			name = Debug;
		};
		179DA2CC1F1406A9008C0CF9 /* Release */ = {
			isa = XCBuildConfiguration;
			buildSettings = {
				ALWAYS_SEARCH_USER_PATHS = NO;
				CLANG_ANALYZER_NONNULL = YES;
				CLANG_ANALYZER_NUMBER_OBJECT_CONVERSION = YES_AGGRESSIVE;
				CLANG_CXX_LANGUAGE_STANDARD = "gnu++0x";
				CLANG_CXX_LIBRARY = "libc++";
				CLANG_ENABLE_MODULES = YES;
				CLANG_ENABLE_OBJC_ARC = YES;
				CLANG_WARN_BOOL_CONVERSION = YES;
				CLANG_WARN_CONSTANT_CONVERSION = YES;
				CLANG_WARN_DIRECT_OBJC_ISA_USAGE = YES_ERROR;
				CLANG_WARN_DOCUMENTATION_COMMENTS = YES;
				CLANG_WARN_EMPTY_BODY = YES;
				CLANG_WARN_ENUM_CONVERSION = YES;
				CLANG_WARN_INFINITE_RECURSION = YES;
				CLANG_WARN_INT_CONVERSION = YES;
				CLANG_WARN_OBJC_ROOT_CLASS = YES_ERROR;
				CLANG_WARN_SUSPICIOUS_MOVE = YES;
				CLANG_WARN_UNREACHABLE_CODE = YES;
				CLANG_WARN__DUPLICATE_METHOD_MATCH = YES;
				"CODE_SIGN_IDENTITY[sdk=iphoneos*]" = "iPhone Developer";
				COPY_PHASE_STRIP = NO;
				DEBUG_INFORMATION_FORMAT = "dwarf-with-dsym";
				ENABLE_NS_ASSERTIONS = NO;
				ENABLE_STRICT_OBJC_MSGSEND = YES;
				GCC_C_LANGUAGE_STANDARD = gnu99;
				GCC_NO_COMMON_BLOCKS = YES;
				GCC_WARN_64_TO_32_BIT_CONVERSION = YES;
				GCC_WARN_ABOUT_RETURN_TYPE = YES_ERROR;
				GCC_WARN_UNDECLARED_SELECTOR = YES;
				GCC_WARN_UNINITIALIZED_AUTOS = YES_AGGRESSIVE;
				GCC_WARN_UNUSED_FUNCTION = YES;
				GCC_WARN_UNUSED_VARIABLE = YES;
				IPHONEOS_DEPLOYMENT_TARGET = 10.3;
				MTL_ENABLE_DEBUG_INFO = NO;
				SDKROOT = iphoneos;
				SWIFT_OPTIMIZATION_LEVEL = "-Owholemodule";
				VALIDATE_PRODUCT = YES;
			};
			name = Release;
		};
		179DA2CE1F1406A9008C0CF9 /* Debug */ = {
			isa = XCBuildConfiguration;
			baseConfigurationReference = F67BDA625F2D22A6A00A66B8 /* Pods-UdemyDevslopesSocial.debug.xcconfig */;
			buildSettings = {
				ASSETCATALOG_COMPILER_APPICON_NAME = AppIcon;
				DEVELOPMENT_TEAM = HHS6XK7XH5;
				INFOPLIST_FILE = UdemyDevslopesSocial/Info.plist;
				LD_RUNPATH_SEARCH_PATHS = "$(inherited) @executable_path/Frameworks";
				PRODUCT_BUNDLE_IDENTIFIER = lilyhoffman.UdemyDevslopesSocial;
				PRODUCT_NAME = "$(TARGET_NAME)";
				SWIFT_VERSION = 3.0;
			};
			name = Debug;
		};
		179DA2CF1F1406A9008C0CF9 /* Release */ = {
			isa = XCBuildConfiguration;
			baseConfigurationReference = 83195384C8B6BCB52EAA4498 /* Pods-UdemyDevslopesSocial.release.xcconfig */;
			buildSettings = {
				ASSETCATALOG_COMPILER_APPICON_NAME = AppIcon;
				DEVELOPMENT_TEAM = HHS6XK7XH5;
				INFOPLIST_FILE = UdemyDevslopesSocial/Info.plist;
				LD_RUNPATH_SEARCH_PATHS = "$(inherited) @executable_path/Frameworks";
				PRODUCT_BUNDLE_IDENTIFIER = lilyhoffman.UdemyDevslopesSocial;
				PRODUCT_NAME = "$(TARGET_NAME)";
				SWIFT_VERSION = 3.0;
			};
			name = Release;
		};
/* End XCBuildConfiguration section */

/* Begin XCConfigurationList section */
		179DA2B61F1406A9008C0CF9 /* Build configuration list for PBXProject "UdemyDevslopesSocial" */ = {
			isa = XCConfigurationList;
			buildConfigurations = (
				179DA2CB1F1406A9008C0CF9 /* Debug */,
				179DA2CC1F1406A9008C0CF9 /* Release */,
			);
			defaultConfigurationIsVisible = 0;
			defaultConfigurationName = Release;
		};
		179DA2CD1F1406A9008C0CF9 /* Build configuration list for PBXNativeTarget "UdemyDevslopesSocial" */ = {
			isa = XCConfigurationList;
			buildConfigurations = (
				179DA2CE1F1406A9008C0CF9 /* Debug */,
				179DA2CF1F1406A9008C0CF9 /* Release */,
			);
			defaultConfigurationIsVisible = 0;
			defaultConfigurationName = Release;
		};
/* End XCConfigurationList section */
	};
	rootObject = 179DA2B31F1406A9008C0CF9 /* Project object */;
}
